
Microsoft Visual Studio Solution File, Format Version 12.00
# Visual Studio 14
VisualStudioVersion = 14.0.24627.0
MinimumVisualStudioVersion = 10.0.40219.1
Project("{8BC9CEB8-8B4A-11D0-8D11-00A0C91BC942}") = "Hello World 2", "Hello World 2\Hello World 2.vcxproj", "{76A914A2-821F-4A5F-AB0F-738971F190E1}"
EndProject
Global
	GlobalSection(SolutionConfigurationPlatforms) = preSolution
		Debug|x86 = Debug|x86
		Release|x86 = Release|x86
	EndGlobalSection
	GlobalSection(ProjectConfigurationPlatforms) = postSolution
		{76A914A2-821F-4A5F-AB0F-738971F190E1}.Debug|x86.ActiveCfg = Debug|Win32
		{76A914A2-821F-4A5F-AB0F-738971F190E1}.Debug|x86.Build.0 = Debug|Win32
		{76A914A2-821F-4A5F-AB0F-738971F190E1}.Release|x86.ActiveCfg = Release|Win32
		{76A914A2-821F-4A5F-AB0F-738971F190E1}.Release|x86.Build.0 = Release|Win32
	EndGlobalSection
	GlobalSection(SolutionProperties) = preSolution
		HideSolutionNode = FALSE
	EndGlobalSection
EndGlobal
